
Microsoft Visual Studio Solution File, Format Version 12.00
# Visual Studio Version 16
VisualStudioVersion = 16.0.31624.102
MinimumVisualStudioVersion = 10.0.40219.1
Project("{FAE04EC0-301F-11D3-BF4B-00C04F79EFBC}") = "homework 2 part 2", "homework 2 part 2\homework 2 part 2.csproj", "{4FA42058-0DA5-4109-8812-C9E8B16AEA42}"
EndProject
Global
	GlobalSection(SolutionConfigurationPlatforms) = preSolution
		Debug|Any CPU = Debug|Any CPU
		Release|Any CPU = Release|Any CPU
	EndGlobalSection
	GlobalSection(ProjectConfigurationPlatforms) = postSolution
		{4FA42058-0DA5-4109-8812-C9E8B16AEA42}.Debug|Any CPU.ActiveCfg = Debug|Any CPU
		{4FA42058-0DA5-4109-8812-C9E8B16AEA42}.Debug|Any CPU.Build.0 = Debug|Any CPU
		{4FA42058-0DA5-4109-8812-C9E8B16AEA42}.Release|Any CPU.ActiveCfg = Release|Any CPU
		{4FA42058-0DA5-4109-8812-C9E8B16AEA42}.Release|Any CPU.Build.0 = Release|Any CPU
	EndGlobalSection
	GlobalSection(SolutionProperties) = preSolution
		HideSolutionNode = FALSE
	EndGlobalSection
	GlobalSection(ExtensibilityGlobals) = postSolution
		SolutionGuid = {8D9C9FB3-C8F6-45AC-A088-669C0D27D095}
	EndGlobalSection
EndGlobal
